
Microsoft Visual Studio Solution File, Format Version 12.00
# Visual Studio Version 16
VisualStudioVersion = 16.0.30907.101
MinimumVisualStudioVersion = 10.0.40219.1
Project("{FAE04EC0-301F-11D3-BF4B-00C04F79EFBC}") = "RFIDCheck", "RFIDCheck\RFIDCheck.csproj", "{9AC76CF6-195E-41A5-95C3-788063009CF2}"
EndProject
Global
	GlobalSection(SolutionConfigurationPlatforms) = preSolution
		Debug|Any CPU = Debug|Any CPU
		Release|Any CPU = Release|Any CPU
	EndGlobalSection
	GlobalSection(ProjectConfigurationPlatforms) = postSolution
		{9AC76CF6-195E-41A5-95C3-788063009CF2}.Debug|Any CPU.ActiveCfg = Debug|Any CPU
		{9AC76CF6-195E-41A5-95C3-788063009CF2}.Debug|Any CPU.Build.0 = Debug|Any CPU
		{9AC76CF6-195E-41A5-95C3-788063009CF2}.Release|Any CPU.ActiveCfg = Release|Any CPU
		{9AC76CF6-195E-41A5-95C3-788063009CF2}.Release|Any CPU.Build.0 = Release|Any CPU
	EndGlobalSection
	GlobalSection(SolutionProperties) = preSolution
		HideSolutionNode = FALSE
	EndGlobalSection
	GlobalSection(ExtensibilityGlobals) = postSolution
		SolutionGuid = {7350DFC5-67C7-4504-AAD0-79469F681BDA}
	EndGlobalSection
EndGlobal
